
Microsoft Visual Studio Solution File, Format Version 12.00
# Visual Studio Version 17
VisualStudioVersion = 17.13.35931.197 d17.13
MinimumVisualStudioVersion = 10.0.40219.1
Project("{FAE04EC0-301F-11D3-BF4B-00C04F79EFBC}") = "ClickSpy", "ClickSpy.csproj", "{EB49A4F1-898A-49C5-A61E-7E416646CE43}"
EndProject
Global
	GlobalSection(SolutionConfigurationPlatforms) = preSolution
		Debug|Any CPU = Debug|Any CPU
		Release|Any CPU = Release|Any CPU
	EndGlobalSection
	GlobalSection(ProjectConfigurationPlatforms) = postSolution
		{EB49A4F1-898A-49C5-A61E-7E416646CE43}.Debug|Any CPU.ActiveCfg = Debug|Any CPU
		{EB49A4F1-898A-49C5-A61E-7E416646CE43}.Debug|Any CPU.Build.0 = Debug|Any CPU
		{EB49A4F1-898A-49C5-A61E-7E416646CE43}.Release|Any CPU.ActiveCfg = Release|Any CPU
		{EB49A4F1-898A-49C5-A61E-7E416646CE43}.Release|Any CPU.Build.0 = Release|Any CPU
	EndGlobalSection
	GlobalSection(SolutionProperties) = preSolution
		HideSolutionNode = FALSE
	EndGlobalSection
	GlobalSection(ExtensibilityGlobals) = postSolution
		SolutionGuid = {D4D99043-029F-4B39-B7C8-8121CBED3AC0}
	EndGlobalSection
EndGlobal
